
Microsoft Visual Studio Solution File, Format Version 12.00
# Visual Studio Version 16
VisualStudioVersion = 16.0.29613.14
MinimumVisualStudioVersion = 10.0.40219.1
Project("{9A19103F-16F7-4668-BE54-9A1E7A4F7556}") = "HomeAssets", "HomeAssets\HomeAssets.csproj", "{020C94C6-5276-493C-8C81-8501C200FA7B}"
EndProject
Global
	GlobalSection(SolutionConfigurationPlatforms) = preSolution
		Debug|Any CPU = Debug|Any CPU
		Release|Any CPU = Release|Any CPU
	EndGlobalSection
	GlobalSection(ProjectConfigurationPlatforms) = postSolution
		{020C94C6-5276-493C-8C81-8501C200FA7B}.Debug|Any CPU.ActiveCfg = Debug|Any CPU
		{020C94C6-5276-493C-8C81-8501C200FA7B}.Debug|Any CPU.Build.0 = Debug|Any CPU
		{020C94C6-5276-493C-8C81-8501C200FA7B}.Release|Any CPU.ActiveCfg = Release|Any CPU
		{020C94C6-5276-493C-8C81-8501C200FA7B}.Release|Any CPU.Build.0 = Release|Any CPU
	EndGlobalSection
	GlobalSection(SolutionProperties) = preSolution
		HideSolutionNode = FALSE
	EndGlobalSection
	GlobalSection(ExtensibilityGlobals) = postSolution
		SolutionGuid = {944C9372-9A28-41BC-895D-54D556B785C8}
	EndGlobalSection
EndGlobal
